// !$*UTF8*$!
{
	archiveVersion = 1;
	classes = {
	};
	objectVersion = 50;
	objects = {

/* Begin PBXBuildFile section */
		DF1C9E982514782E00EE20BB /* NumberItemModel.swift in Sources */ = {isa = PBXBuildFile; fileRef = DF1C9E972514782E00EE20BB /* NumberItemModel.swift */; };
		DF1C9E9B2514788500EE20BB /* CellRepresentable.swift in Sources */ = {isa = PBXBuildFile; fileRef = DF1C9E9A2514788500EE20BB /* CellRepresentable.swift */; };
		DFD8B81E251472D30040C8B2 /* AppDelegate.swift in Sources */ = {isa = PBXBuildFile; fileRef = DFD8B81D251472D30040C8B2 /* AppDelegate.swift */; };
		DFD8B820251472D30040C8B2 /* SceneDelegate.swift in Sources */ = {isa = PBXBuildFile; fileRef = DFD8B81F251472D30040C8B2 /* SceneDelegate.swift */; };
		DFD8B822251472D30040C8B2 /* ViewController.swift in Sources */ = {isa = PBXBuildFile; fileRef = DFD8B821251472D30040C8B2 /* ViewController.swift */; };
		DFD8B825251472D30040C8B2 /* Main.storyboard in Resources */ = {isa = PBXBuildFile; fileRef = DFD8B823251472D30040C8B2 /* Main.storyboard */; };
		DFD8B827251472D30040C8B2 /* Assets.xcassets in Resources */ = {isa = PBXBuildFile; fileRef = DFD8B826251472D30040C8B2 /* Assets.xcassets */; };
		DFD8B82A251472D30040C8B2 /* LaunchScreen.storyboard in Resources */ = {isa = PBXBuildFile; fileRef = DFD8B828251472D30040C8B2 /* LaunchScreen.storyboard */; };
		DFD8B8322514730F0040C8B2 /* Dynamic.swift in Sources */ = {isa = PBXBuildFile; fileRef = DFD8B8312514730F0040C8B2 /* Dynamic.swift */; };
		DFD8B8372514747C0040C8B2 /* MainViewModel.swift in Sources */ = {isa = PBXBuildFile; fileRef = DFD8B8362514747C0040C8B2 /* MainViewModel.swift */; };
/* End PBXBuildFile section */

/* Begin PBXFileReference section */
		DF1C9E972514782E00EE20BB /* NumberItemModel.swift */ = {isa = PBXFileReference; lastKnownFileType = sourcecode.swift; path = NumberItemModel.swift; sourceTree = "<group>"; };
		DF1C9E9A2514788500EE20BB /* CellRepresentable.swift */ = {isa = PBXFileReference; lastKnownFileType = sourcecode.swift; path = CellRepresentable.swift; sourceTree = "<group>"; };
		DFD8B81A251472D30040C8B2 /* mvvmWithoutReactive.app */ = {isa = PBXFileReference; explicitFileType = wrapper.application; includeInIndex = 0; path = mvvmWithoutReactive.app; sourceTree = BUILT_PRODUCTS_DIR; };
		DFD8B81D251472D30040C8B2 /* AppDelegate.swift */ = {isa = PBXFileReference; lastKnownFileType = sourcecode.swift; path = AppDelegate.swift; sourceTree = "<group>"; };
		DFD8B81F251472D30040C8B2 /* SceneDelegate.swift */ = {isa = PBXFileReference; lastKnownFileType = sourcecode.swift; path = SceneDelegate.swift; sourceTree = "<group>"; };
		DFD8B821251472D30040C8B2 /* ViewController.swift */ = {isa = PBXFileReference; lastKnownFileType = sourcecode.swift; path = ViewController.swift; sourceTree = "<group>"; };
		DFD8B824251472D30040C8B2 /* Base */ = {isa = PBXFileReference; lastKnownFileType = file.storyboard; name = Base; path = Base.lproj/Main.storyboard; sourceTree = "<group>"; };
		DFD8B826251472D30040C8B2 /* Assets.xcassets */ = {isa = PBXFileReference; lastKnownFileType = folder.assetcatalog; path = Assets.xcassets; sourceTree = "<group>"; };
		DFD8B829251472D30040C8B2 /* Base */ = {isa = PBXFileReference; lastKnownFileType = file.storyboard; name = Base; path = Base.lproj/LaunchScreen.storyboard; sourceTree = "<group>"; };
		DFD8B82B251472D30040C8B2 /* Info.plist */ = {isa = PBXFileReference; lastKnownFileType = text.plist.xml; path = Info.plist; sourceTree = "<group>"; };
		DFD8B8312514730F0040C8B2 /* Dynamic.swift */ = {isa = PBXFileReference; lastKnownFileType = sourcecode.swift; path = Dynamic.swift; sourceTree = "<group>"; };
		DFD8B8362514747C0040C8B2 /* MainViewModel.swift */ = {isa = PBXFileReference; lastKnownFileType = sourcecode.swift; path = MainViewModel.swift; sourceTree = "<group>"; };
/* End PBXFileReference section */

/* Begin PBXFrameworksBuildPhase section */
		DFD8B817251472D30040C8B2 /* Frameworks */ = {
			isa = PBXFrameworksBuildPhase;
			buildActionMask = 2147483647;
			files = (
			);
			runOnlyForDeploymentPostprocessing = 0;
		};
/* End PBXFrameworksBuildPhase section */

/* Begin PBXGroup section */
		DF1C9E992514787C00EE20BB /* protocol */ = {
			isa = PBXGroup;
			children = (
				DF1C9E9A2514788500EE20BB /* CellRepresentable.swift */,
			);
			path = protocol;
			sourceTree = "<group>";
		};
		DFD8B811251472D30040C8B2 = {
			isa = PBXGroup;
			children = (
				DFD8B81C251472D30040C8B2 /* mvvmWithoutReactive */,
				DFD8B81B251472D30040C8B2 /* Products */,
			);
			sourceTree = "<group>";
		};
		DFD8B81B251472D30040C8B2 /* Products */ = {
			isa = PBXGroup;
			children = (
				DFD8B81A251472D30040C8B2 /* mvvmWithoutReactive.app */,
			);
			name = Products;
			sourceTree = "<group>";
		};
		DFD8B81C251472D30040C8B2 /* mvvmWithoutReactive */ = {
			isa = PBXGroup;
			children = (
				DFD8B81D251472D30040C8B2 /* AppDelegate.swift */,
				DFD8B81F251472D30040C8B2 /* SceneDelegate.swift */,
				DFD8B8312514730F0040C8B2 /* Dynamic.swift */,
				DF1C9E992514787C00EE20BB /* protocol */,
				DFD8B8342514746B0040C8B2 /* model */,
				DFD8B835251474700040C8B2 /* veiwModel */,
				DFD8B833251474680040C8B2 /* view */,
				DFD8B823251472D30040C8B2 /* Main.storyboard */,
				DFD8B826251472D30040C8B2 /* Assets.xcassets */,
				DFD8B828251472D30040C8B2 /* LaunchScreen.storyboard */,
				DFD8B82B251472D30040C8B2 /* Info.plist */,
			);
			path = mvvmWithoutReactive;
			sourceTree = "<group>";
		};
		DFD8B833251474680040C8B2 /* view */ = {
			isa = PBXGroup;
			children = (
				DFD8B821251472D30040C8B2 /* ViewController.swift */,
			);
			path = view;
			sourceTree = "<group>";
		};
		DFD8B8342514746B0040C8B2 /* model */ = {
			isa = PBXGroup;
			children = (
				DF1C9E972514782E00EE20BB /* NumberItemModel.swift */,
			);
			path = model;
			sourceTree = "<group>";
		};
		DFD8B835251474700040C8B2 /* veiwModel */ = {
			isa = PBXGroup;
			children = (
				DFD8B8362514747C0040C8B2 /* MainViewModel.swift */,
			);
			path = veiwModel;
			sourceTree = "<group>";
		};
/* End PBXGroup section */

/* Begin PBXNativeTarget section */
		DFD8B819251472D30040C8B2 /* mvvmWithoutReactive */ = {
			isa = PBXNativeTarget;
			buildConfigurationList = DFD8B82E251472D30040C8B2 /* Build configuration list for PBXNativeTarget "mvvmWithoutReactive" */;
			buildPhases = (
				DFD8B816251472D30040C8B2 /* Sources */,
				DFD8B817251472D30040C8B2 /* Frameworks */,
				DFD8B818251472D30040C8B2 /* Resources */,
			);
			buildRules = (
			);
			dependencies = (
			);
			name = mvvmWithoutReactive;
			productName = mvvmWithoutReactive;
			productReference = DFD8B81A251472D30040C8B2 /* mvvmWithoutReactive.app */;
			productType = "com.apple.product-type.application";
		};
/* End PBXNativeTarget section */

/* Begin PBXProject section */
		DFD8B812251472D30040C8B2 /* Project object */ = {
			isa = PBXProject;
			attributes = {
				LastSwiftUpdateCheck = 1130;
				LastUpgradeCheck = 1130;
				ORGANIZATIONNAME = "성준";
				TargetAttributes = {
					DFD8B819251472D30040C8B2 = {
						CreatedOnToolsVersion = 11.3.1;
					};
				};
			};
			buildConfigurationList = DFD8B815251472D30040C8B2 /* Build configuration list for PBXProject "mvvmWithoutReactive" */;
			compatibilityVersion = "Xcode 9.3";
			developmentRegion = en;
			hasScannedForEncodings = 0;
			knownRegions = (
				en,
				Base,
			);
			mainGroup = DFD8B811251472D30040C8B2;
			productRefGroup = DFD8B81B251472D30040C8B2 /* Products */;
			projectDirPath = "";
			projectRoot = "";
			targets = (
				DFD8B819251472D30040C8B2 /* mvvmWithoutReactive */,
			);
		};
/* End PBXProject section */

/* Begin PBXResourcesBuildPhase section */
		DFD8B818251472D30040C8B2 /* Resources */ = {
			isa = PBXResourcesBuildPhase;
			buildActionMask = 2147483647;
			files = (
				DFD8B82A251472D30040C8B2 /* LaunchScreen.storyboard in Resources */,
				DFD8B827251472D30040C8B2 /* Assets.xcassets in Resources */,
				DFD8B825251472D30040C8B2 /* Main.storyboard in Resources */,
			);
			runOnlyForDeploymentPostprocessing = 0;
		};
/* End PBXResourcesBuildPhase section */

/* Begin PBXSourcesBuildPhase section */
		DFD8B816251472D30040C8B2 /* Sources */ = {
			isa = PBXSourcesBuildPhase;
			buildActionMask = 2147483647;
			files = (
				DFD8B8372514747C0040C8B2 /* MainViewModel.swift in Sources */,
				DF1C9E982514782E00EE20BB /* NumberItemModel.swift in Sources */,
				DFD8B822251472D30040C8B2 /* ViewController.swift in Sources */,
				DFD8B8322514730F0040C8B2 /* Dynamic.swift in Sources */,
				DFD8B81E251472D30040C8B2 /* AppDelegate.swift in Sources */,
				DF1C9E9B2514788500EE20BB /* CellRepresentable.swift in Sources */,
				DFD8B820251472D30040C8B2 /* SceneDelegate.swift in Sources */,
			);
			runOnlyForDeploymentPostprocessing = 0;
		};
/* End PBXSourcesBuildPhase section */

/* Begin PBXVariantGroup section */
		DFD8B823251472D30040C8B2 /* Main.storyboard */ = {
			isa = PBXVariantGroup;
			children = (
				DFD8B824251472D30040C8B2 /* Base */,
			);
			name = Main.storyboard;
			sourceTree = "<group>";
		};
		DFD8B828251472D30040C8B2 /* LaunchScreen.storyboard */ = {
			isa = PBXVariantGroup;
			children = (
				DFD8B829251472D30040C8B2 /* Base */,
			);
			name = LaunchScreen.storyboard;
			sourceTree = "<group>";
		};
/* End PBXVariantGroup section */

/* Begin XCBuildConfiguration section */
		DFD8B82C251472D30040C8B2 /* Debug */ = {
			isa = XCBuildConfiguration;
			buildSettings = {
				ALWAYS_SEARCH_USER_PATHS = NO;
				CLANG_ANALYZER_NONNULL = YES;
				CLANG_ANALYZER_NUMBER_OBJECT_CONVERSION = YES_AGGRESSIVE;
				CLANG_CXX_LANGUAGE_STANDARD = "gnu++14";
				CLANG_CXX_LIBRARY = "libc++";
				CLANG_ENABLE_MODULES = YES;
				CLANG_ENABLE_OBJC_ARC = YES;
				CLANG_ENABLE_OBJC_WEAK = YES;
				CLANG_WARN_BLOCK_CAPTURE_AUTORELEASING = YES;
				CLANG_WARN_BOOL_CONVERSION = YES;
				CLANG_WARN_COMMA = YES;
				CLANG_WARN_CONSTANT_CONVERSION = YES;
				CLANG_WARN_DEPRECATED_OBJC_IMPLEMENTATIONS = YES;
				CLANG_WARN_DIRECT_OBJC_ISA_USAGE = YES_ERROR;
				CLANG_WARN_DOCUMENTATION_COMMENTS = YES;
				CLANG_WARN_EMPTY_BODY = YES;
				CLANG_WARN_ENUM_CONVERSION = YES;
				CLANG_WARN_INFINITE_RECURSION = YES;
				CLANG_WARN_INT_CONVERSION = YES;
				CLANG_WARN_NON_LITERAL_NULL_CONVERSION = YES;
				CLANG_WARN_OBJC_IMPLICIT_RETAIN_SELF = YES;
				CLANG_WARN_OBJC_LITERAL_CONVERSION = YES;
				CLANG_WARN_OBJC_ROOT_CLASS = YES_ERROR;
				CLANG_WARN_RANGE_LOOP_ANALYSIS = YES;
				CLANG_WARN_STRICT_PROTOTYPES = YES;
				CLANG_WARN_SUSPICIOUS_MOVE = YES;
				CLANG_WARN_UNGUARDED_AVAILABILITY = YES_AGGRESSIVE;
				CLANG_WARN_UNREACHABLE_CODE = YES;
				CLANG_WARN__DUPLICATE_METHOD_MATCH = YES;
				COPY_PHASE_STRIP = NO;
				DEBUG_INFORMATION_FORMAT = dwarf;
				ENABLE_STRICT_OBJC_MSGSEND = YES;
				ENABLE_TESTABILITY = YES;
				GCC_C_LANGUAGE_STANDARD = gnu11;
				GCC_DYNAMIC_NO_PIC = NO;
				GCC_NO_COMMON_BLOCKS = YES;
				GCC_OPTIMIZATION_LEVEL = 0;
				GCC_PREPROCESSOR_DEFINITIONS = (
					"DEBUG=1",
					"$(inherited)",
				);
				GCC_WARN_64_TO_32_BIT_CONVERSION = YES;
				GCC_WARN_ABOUT_RETURN_TYPE = YES_ERROR;
				GCC_WARN_UNDECLARED_SELECTOR = YES;
				GCC_WARN_UNINITIALIZED_AUTOS = YES_AGGRESSIVE;
				GCC_WARN_UNUSED_FUNCTION = YES;
				GCC_WARN_UNUSED_VARIABLE = YES;
				IPHONEOS_DEPLOYMENT_TARGET = 13.2;
				MTL_ENABLE_DEBUG_INFO = INCLUDE_SOURCE;
				MTL_FAST_MATH = YES;
				ONLY_ACTIVE_ARCH = YES;
				SDKROOT = iphoneos;
				SWIFT_ACTIVE_COMPILATION_CONDITIONS = DEBUG;
				SWIFT_OPTIMIZATION_LEVEL = "-Onone";
			};
			name = Debug;
		};
		DFD8B82D251472D30040C8B2 /* Release */ = {
			isa = XCBuildConfiguration;
			buildSettings = {
				ALWAYS_SEARCH_USER_PATHS = NO;
				CLANG_ANALYZER_NONNULL = YES;
				CLANG_ANALYZER_NUMBER_OBJECT_CONVERSION = YES_AGGRESSIVE;
				CLANG_CXX_LANGUAGE_STANDARD = "gnu++14";
				CLANG_CXX_LIBRARY = "libc++";
				CLANG_ENABLE_MODULES = YES;
				CLANG_ENABLE_OBJC_ARC = YES;
				CLANG_ENABLE_OBJC_WEAK = YES;
				CLANG_WARN_BLOCK_CAPTURE_AUTORELEASING = YES;
				CLANG_WARN_BOOL_CONVERSION = YES;
				CLANG_WARN_COMMA = YES;
				CLANG_WARN_CONSTANT_CONVERSION = YES;
				CLANG_WARN_DEPRECATED_OBJC_IMPLEMENTATIONS = YES;
				CLANG_WARN_DIRECT_OBJC_ISA_USAGE = YES_ERROR;
				CLANG_WARN_DOCUMENTATION_COMMENTS = YES;
				CLANG_WARN_EMPTY_BODY = YES;
				CLANG_WARN_ENUM_CONVERSION = YES;
				CLANG_WARN_INFINITE_RECURSION = YES;
				CLANG_WARN_INT_CONVERSION = YES;
				CLANG_WARN_NON_LITERAL_NULL_CONVERSION = YES;
				CLANG_WARN_OBJC_IMPLICIT_RETAIN_SELF = YES;
				CLANG_WARN_OBJC_LITERAL_CONVERSION = YES;
				CLANG_WARN_OBJC_ROOT_CLASS = YES_ERROR;
				CLANG_WARN_RANGE_LOOP_ANALYSIS = YES;
				CLANG_WARN_STRICT_PROTOTYPES = YES;
				CLANG_WARN_SUSPICIOUS_MOVE = YES;
				CLANG_WARN_UNGUARDED_AVAILABILITY = YES_AGGRESSIVE;
				CLANG_WARN_UNREACHABLE_CODE = YES;
				CLANG_WARN__DUPLICATE_METHOD_MATCH = YES;
				COPY_PHASE_STRIP = NO;
				DEBUG_INFORMATION_FORMAT = "dwarf-with-dsym";
				ENABLE_NS_ASSERTIONS = NO;
				ENABLE_STRICT_OBJC_MSGSEND = YES;
				GCC_C_LANGUAGE_STANDARD = gnu11;
				GCC_NO_COMMON_BLOCKS = YES;
				GCC_WARN_64_TO_32_BIT_CONVERSION = YES;
				GCC_WARN_ABOUT_RETURN_TYPE = YES_ERROR;
				GCC_WARN_UNDECLARED_SELECTOR = YES;
				GCC_WARN_UNINITIALIZED_AUTOS = YES_AGGRESSIVE;
				GCC_WARN_UNUSED_FUNCTION = YES;
				GCC_WARN_UNUSED_VARIABLE = YES;
				IPHONEOS_DEPLOYMENT_TARGET = 13.2;
				MTL_ENABLE_DEBUG_INFO = NO;
				MTL_FAST_MATH = YES;
				SDKROOT = iphoneos;
				SWIFT_COMPILATION_MODE = wholemodule;
				SWIFT_OPTIMIZATION_LEVEL = "-O";
				VALIDATE_PRODUCT = YES;
			};
			name = Release;
		};
		DFD8B82F251472D30040C8B2 /* Debug */ = {
			isa = XCBuildConfiguration;
			buildSettings = {
				ASSETCATALOG_COMPILER_APPICON_NAME = AppIcon;
				CODE_SIGN_STYLE = Automatic;
				DEVELOPMENT_TEAM = VH29LQ6AQ4;
				INFOPLIST_FILE = mvvmWithoutReactive/Info.plist;
				LD_RUNPATH_SEARCH_PATHS = (
					"$(inherited)",
					"@executable_path/Frameworks",
				);
				PRODUCT_BUNDLE_IDENTIFIER = Kimduni.mvvmWithoutReactive;
				PRODUCT_NAME = "$(TARGET_NAME)";
				SWIFT_VERSION = 5.0;
				TARGETED_DEVICE_FAMILY = "1,2";
			};
			name = Debug;
		};
		DFD8B830251472D30040C8B2 /* Release */ = {
			isa = XCBuildConfiguration;
			buildSettings = {
				ASSETCATALOG_COMPILER_APPICON_NAME = AppIcon;
				CODE_SIGN_STYLE = Automatic;
				DEVELOPMENT_TEAM = VH29LQ6AQ4;
				INFOPLIST_FILE = mvvmWithoutReactive/Info.plist;
				LD_RUNPATH_SEARCH_PATHS = (
					"$(inherited)",
					"@executable_path/Frameworks",
				);
				PRODUCT_BUNDLE_IDENTIFIER = Kimduni.mvvmWithoutReactive;
				PRODUCT_NAME = "$(TARGET_NAME)";
				SWIFT_VERSION = 5.0;
				TARGETED_DEVICE_FAMILY = "1,2";
			};
			name = Release;
		};
/* End XCBuildConfiguration section */

/* Begin XCConfigurationList section */
		DFD8B815251472D30040C8B2 /* Build configuration list for PBXProject "mvvmWithoutReactive" */ = {
			isa = XCConfigurationList;
			buildConfigurations = (
				DFD8B82C251472D30040C8B2 /* Debug */,
				DFD8B82D251472D30040C8B2 /* Release */,
			);
			defaultConfigurationIsVisible = 0;
			defaultConfigurationName = Release;
		};
		DFD8B82E251472D30040C8B2 /* Build configuration list for PBXNativeTarget "mvvmWithoutReactive" */ = {
			isa = XCConfigurationList;
			buildConfigurations = (
				DFD8B82F251472D30040C8B2 /* Debug */,
				DFD8B830251472D30040C8B2 /* Release */,
			);
			defaultConfigurationIsVisible = 0;
			defaultConfigurationName = Release;
		};
/* End XCConfigurationList section */
	};
	rootObject = DFD8B812251472D30040C8B2 /* Project object */;
}
